
Microsoft Visual Studio Solution File, Format Version 12.00
# Visual Studio 15
VisualStudioVersion = 15.0.28307.106
MinimumVisualStudioVersion = 10.0.40219.1
Project("{FAE04EC0-301F-11D3-BF4B-00C04F79EFBC}") = "Applicaa", "Applicaa\Applicaa.csproj", "{4C68C96B-4E46-4EB0-A640-8C9DDC9B6484}"
EndProject
Project("{FAE04EC0-301F-11D3-BF4B-00C04F79EFBC}") = "SIMSInterface", "SIMSInterface\SIMSInterface.csproj", "{6F790F4A-160E-4422-8A68-ADD2ED1A1059}"
EndProject
Project("{FAE04EC0-301F-11D3-BF4B-00C04F79EFBC}") = "Common", "Common\Common.csproj", "{6357E437-87B3-4212-A086-34C686E3D7D4}"
EndProject
Project("{54435603-DBB4-11D2-8724-00A0C9A8B90C}") = "MISIntergration", "MISIntergration\MISIntergration.vdproj", "{5E5176E9-CE28-48E1-A472-364CAE1BAF43}"
EndProject
Global
	GlobalSection(SolutionConfigurationPlatforms) = preSolution
		Debug|Any CPU = Debug|Any CPU
		Release|Any CPU = Release|Any CPU
	EndGlobalSection
	GlobalSection(ProjectConfigurationPlatforms) = postSolution
		{4C68C96B-4E46-4EB0-A640-8C9DDC9B6484}.Debug|Any CPU.ActiveCfg = Debug|Any CPU
		{4C68C96B-4E46-4EB0-A640-8C9DDC9B6484}.Debug|Any CPU.Build.0 = Debug|Any CPU
		{4C68C96B-4E46-4EB0-A640-8C9DDC9B6484}.Release|Any CPU.ActiveCfg = Release|Any CPU
		{4C68C96B-4E46-4EB0-A640-8C9DDC9B6484}.Release|Any CPU.Build.0 = Release|Any CPU
		{6F790F4A-160E-4422-8A68-ADD2ED1A1059}.Debug|Any CPU.ActiveCfg = Debug|Any CPU
		{6F790F4A-160E-4422-8A68-ADD2ED1A1059}.Debug|Any CPU.Build.0 = Debug|Any CPU
		{6F790F4A-160E-4422-8A68-ADD2ED1A1059}.Release|Any CPU.ActiveCfg = Release|Any CPU
		{6F790F4A-160E-4422-8A68-ADD2ED1A1059}.Release|Any CPU.Build.0 = Release|Any CPU
		{6357E437-87B3-4212-A086-34C686E3D7D4}.Debug|Any CPU.ActiveCfg = Debug|Any CPU
		{6357E437-87B3-4212-A086-34C686E3D7D4}.Debug|Any CPU.Build.0 = Debug|Any CPU
		{6357E437-87B3-4212-A086-34C686E3D7D4}.Release|Any CPU.ActiveCfg = Release|Any CPU
		{6357E437-87B3-4212-A086-34C686E3D7D4}.Release|Any CPU.Build.0 = Release|Any CPU
		{5E5176E9-CE28-48E1-A472-364CAE1BAF43}.Debug|Any CPU.ActiveCfg = Debug
		{5E5176E9-CE28-48E1-A472-364CAE1BAF43}.Release|Any CPU.ActiveCfg = Release
	EndGlobalSection
	GlobalSection(SolutionProperties) = preSolution
		HideSolutionNode = FALSE
	EndGlobalSection
	GlobalSection(ExtensibilityGlobals) = postSolution
		SolutionGuid = {AFC54781-20E8-41F5-A6D9-E9EA43321CE2}
	EndGlobalSection
EndGlobal
